Microsoft Visual Studio Solution File, Format Version 12.00
# Visual Studio Version 17
VisualStudioVersion = 17.5.2.0
MinimumVisualStudioVersion = 10.0.40219.1
Project("{FAE04EC0-301F-11D3-BF4B-00C04F79EFBC}") = "FinFree.Api", "FinFree.Api.csproj", "{6B59E210-7911-6695-6FB3-2BE54072D9B5}"
EndProject
Global
	GlobalSection(SolutionConfigurationPlatforms) = preSolution
		Debug|Any CPU = Debug|Any CPU
		Release|Any CPU = Release|Any CPU
	EndGlobalSection
	GlobalSection(ProjectConfigurationPlatforms) = postSolution
		{6B59E210-7911-6695-6FB3-2BE54072D9B5}.Debug|Any CPU.ActiveCfg = Debug|Any CPU
		{6B59E210-7911-6695-6FB3-2BE54072D9B5}.Debug|Any CPU.Build.0 = Debug|Any CPU
		{6B59E210-7911-6695-6FB3-2BE54072D9B5}.Release|Any CPU.ActiveCfg = Release|Any CPU
		{6B59E210-7911-6695-6FB3-2BE54072D9B5}.Release|Any CPU.Build.0 = Release|Any CPU
	EndGlobalSection
	GlobalSection(SolutionProperties) = preSolution
		HideSolutionNode = FALSE
	EndGlobalSection
	GlobalSection(ExtensibilityGlobals) = postSolution
		SolutionGuid = {8FE0845C-81E9-42F4-9D19-13FA2227F85C}
	EndGlobalSection
EndGlobal
